// !$*UTF8*$!
{
	archiveVersion = 1;
	classes = {
	};
	objectVersion = 56;
	objects = {

/* Begin PBXBuildFile section */
		EC34C1CE29C9AE3300994F0B /* HabitDeatilsViewController.swift in Sources */ = {isa = PBXBuildFile; fileRef = EC34C1CD29C9AE3300994F0B /* HabitDeatilsViewController.swift */; };
		EC9797A829C391A600FEEA71 /* AppDelegate.swift in Sources */ = {isa = PBXBuildFile; fileRef = EC9797A729C391A600FEEA71 /* AppDelegate.swift */; };
		EC9797AA29C391A600FEEA71 /* SceneDelegate.swift in Sources */ = {isa = PBXBuildFile; fileRef = EC9797A929C391A600FEEA71 /* SceneDelegate.swift */; };
		EC9797B129C391A800FEEA71 /* Assets.xcassets in Resources */ = {isa = PBXBuildFile; fileRef = EC9797B029C391A800FEEA71 /* Assets.xcassets */; };
		EC9797B429C391A800FEEA71 /* LaunchScreen.storyboard in Resources */ = {isa = PBXBuildFile; fileRef = EC9797B229C391A800FEEA71 /* LaunchScreen.storyboard */; };
		EC9797C129C45BBE00FEEA71 /* HabitsStore.swift in Sources */ = {isa = PBXBuildFile; fileRef = EC9797C029C45BBE00FEEA71 /* HabitsStore.swift */; };
		EC9797C329C45C0A00FEEA71 /* MainTabBarController.swift in Sources */ = {isa = PBXBuildFile; fileRef = EC9797C229C45C0A00FEEA71 /* MainTabBarController.swift */; };
		EC9797C529C467CD00FEEA71 /* HabitsViewController.swift in Sources */ = {isa = PBXBuildFile; fileRef = EC9797C429C467CD00FEEA71 /* HabitsViewController.swift */; };
		EC9797C729C4681F00FEEA71 /* InfoViewController.swift in Sources */ = {isa = PBXBuildFile; fileRef = EC9797C629C4681F00FEEA71 /* InfoViewController.swift */; };
		EC9797C929C4738C00FEEA71 /* Constants.swift in Sources */ = {isa = PBXBuildFile; fileRef = EC9797C829C4738C00FEEA71 /* Constants.swift */; };
		EC9797CB29C476E500FEEA71 /* Info.swift in Sources */ = {isa = PBXBuildFile; fileRef = EC9797CA29C476E500FEEA71 /* Info.swift */; };
		EC9797CD29C4B7E300FEEA71 /* HabitViewController.swift in Sources */ = {isa = PBXBuildFile; fileRef = EC9797CC29C4B7E300FEEA71 /* HabitViewController.swift */; };
		ECA7CF6729C7461900730EF8 /* HabitView.swift in Sources */ = {isa = PBXBuildFile; fileRef = ECA7CF6629C7461900730EF8 /* HabitView.swift */; };
		ECA7CF6A29C7A3D900730EF8 /* HabitCollectionViewCell.swift in Sources */ = {isa = PBXBuildFile; fileRef = ECA7CF6929C7A3D900730EF8 /* HabitCollectionViewCell.swift */; };
		ECA7CF6C29C7A3EE00730EF8 /* ProgressCollectionViewCell.swift in Sources */ = {isa = PBXBuildFile; fileRef = ECA7CF6B29C7A3EE00730EF8 /* ProgressCollectionViewCell.swift */; };
/* End PBXBuildFile section */

/* Begin PBXFileReference section */
		EC34C1CD29C9AE3300994F0B /* HabitDeatilsViewController.swift */ = {isa = PBXFileReference; lastKnownFileType = sourcecode.swift; path = HabitDeatilsViewController.swift; sourceTree = "<group>"; };
		EC9797A429C391A600FEEA71 /* MyHabits.app */ = {isa = PBXFileReference; explicitFileType = wrapper.application; includeInIndex = 0; path = MyHabits.app; sourceTree = BUILT_PRODUCTS_DIR; };
		EC9797A729C391A600FEEA71 /* AppDelegate.swift */ = {isa = PBXFileReference; lastKnownFileType = sourcecode.swift; path = AppDelegate.swift; sourceTree = "<group>"; };
		EC9797A929C391A600FEEA71 /* SceneDelegate.swift */ = {isa = PBXFileReference; lastKnownFileType = sourcecode.swift; path = SceneDelegate.swift; sourceTree = "<group>"; };
		EC9797B029C391A800FEEA71 /* Assets.xcassets */ = {isa = PBXFileReference; lastKnownFileType = folder.assetcatalog; path = Assets.xcassets; sourceTree = "<group>"; };
		EC9797B329C391A800FEEA71 /* Base */ = {isa = PBXFileReference; lastKnownFileType = file.storyboard; name = Base; path = Base.lproj/LaunchScreen.storyboard; sourceTree = "<group>"; };
		EC9797B529C391A800FEEA71 /* Info.plist */ = {isa = PBXFileReference; lastKnownFileType = text.plist.xml; path = Info.plist; sourceTree = "<group>"; };
		EC9797C029C45BBE00FEEA71 /* HabitsStore.swift */ = {isa = PBXFileReference; lastKnownFileType = sourcecode.swift; path = HabitsStore.swift; sourceTree = "<group>"; };
		EC9797C229C45C0A00FEEA71 /* MainTabBarController.swift */ = {isa = PBXFileReference; lastKnownFileType = sourcecode.swift; path = MainTabBarController.swift; sourceTree = "<group>"; };
		EC9797C429C467CD00FEEA71 /* HabitsViewController.swift */ = {isa = PBXFileReference; lastKnownFileType = sourcecode.swift; path = HabitsViewController.swift; sourceTree = "<group>"; };
		EC9797C629C4681F00FEEA71 /* InfoViewController.swift */ = {isa = PBXFileReference; lastKnownFileType = sourcecode.swift; path = InfoViewController.swift; sourceTree = "<group>"; };
		EC9797C829C4738C00FEEA71 /* Constants.swift */ = {isa = PBXFileReference; lastKnownFileType = sourcecode.swift; path = Constants.swift; sourceTree = "<group>"; };
		EC9797CA29C476E500FEEA71 /* Info.swift */ = {isa = PBXFileReference; lastKnownFileType = sourcecode.swift; path = Info.swift; sourceTree = "<group>"; };
		EC9797CC29C4B7E300FEEA71 /* HabitViewController.swift */ = {isa = PBXFileReference; lastKnownFileType = sourcecode.swift; path = HabitViewController.swift; sourceTree = "<group>"; };
		ECA7CF6629C7461900730EF8 /* HabitView.swift */ = {isa = PBXFileReference; lastKnownFileType = sourcecode.swift; path = HabitView.swift; sourceTree = "<group>"; };
		ECA7CF6929C7A3D900730EF8 /* HabitCollectionViewCell.swift */ = {isa = PBXFileReference; lastKnownFileType = sourcecode.swift; path = HabitCollectionViewCell.swift; sourceTree = "<group>"; };
		ECA7CF6B29C7A3EE00730EF8 /* ProgressCollectionViewCell.swift */ = {isa = PBXFileReference; lastKnownFileType = sourcecode.swift; path = ProgressCollectionViewCell.swift; sourceTree = "<group>"; };
/* End PBXFileReference section */

/* Begin PBXFrameworksBuildPhase section */
		EC9797A129C391A600FEEA71 /* Frameworks */ = {
			isa = PBXFrameworksBuildPhase;
			buildActionMask = 2147483647;
			files = (
			);
			runOnlyForDeploymentPostprocessing = 0;
		};
/* End PBXFrameworksBuildPhase section */

/* Begin PBXGroup section */
		EC97979B29C391A600FEEA71 = {
			isa = PBXGroup;
			children = (
				EC9797A629C391A600FEEA71 /* MyHabits */,
				EC9797A529C391A600FEEA71 /* Products */,
			);
			sourceTree = "<group>";
		};
		EC9797A529C391A600FEEA71 /* Products */ = {
			isa = PBXGroup;
			children = (
				EC9797A429C391A600FEEA71 /* MyHabits.app */,
			);
			name = Products;
			sourceTree = "<group>";
		};
		EC9797A629C391A600FEEA71 /* MyHabits */ = {
			isa = PBXGroup;
			children = (
				EC9797BB29C3931A00FEEA71 /* Application */,
				EC9797BF29C3936600FEEA71 /* UI */,
				EC9797BE29C3935D00FEEA71 /* Model */,
				EC9797B029C391A800FEEA71 /* Assets.xcassets */,
				EC9797B229C391A800FEEA71 /* LaunchScreen.storyboard */,
				EC9797B529C391A800FEEA71 /* Info.plist */,
			);
			path = MyHabits;
			sourceTree = "<group>";
		};
		EC9797BB29C3931A00FEEA71 /* Application */ = {
			isa = PBXGroup;
			children = (
				EC9797A729C391A600FEEA71 /* AppDelegate.swift */,
				EC9797A929C391A600FEEA71 /* SceneDelegate.swift */,
			);
			path = Application;
			sourceTree = "<group>";
		};
		EC9797BC29C3932C00FEEA71 /* ViewControllers */ = {
			isa = PBXGroup;
			children = (
				EC9797C229C45C0A00FEEA71 /* MainTabBarController.swift */,
				EC9797C429C467CD00FEEA71 /* HabitsViewController.swift */,
				EC9797C629C4681F00FEEA71 /* InfoViewController.swift */,
				EC9797CC29C4B7E300FEEA71 /* HabitViewController.swift */,
				EC34C1CD29C9AE3300994F0B /* HabitDeatilsViewController.swift */,
			);
			path = ViewControllers;
			sourceTree = "<group>";
		};
		EC9797BD29C3933F00FEEA71 /* Views */ = {
			isa = PBXGroup;
			children = (
				ECA7CF6829C7A3AD00730EF8 /* HabitCollectionViewCells */,
				ECA7CF6629C7461900730EF8 /* HabitView.swift */,
			);
			path = Views;
			sourceTree = "<group>";
		};
		EC9797BE29C3935D00FEEA71 /* Model */ = {
			isa = PBXGroup;
			children = (
				EC9797C029C45BBE00FEEA71 /* HabitsStore.swift */,
				EC9797CA29C476E500FEEA71 /* Info.swift */,
			);
			path = Model;
			sourceTree = "<group>";
		};
		EC9797BF29C3936600FEEA71 /* UI */ = {
			isa = PBXGroup;
			children = (
				EC9797BC29C3932C00FEEA71 /* ViewControllers */,
				EC9797BD29C3933F00FEEA71 /* Views */,
				EC9797C829C4738C00FEEA71 /* Constants.swift */,
			);
			path = UI;
			sourceTree = "<group>";
		};
		ECA7CF6829C7A3AD00730EF8 /* HabitCollectionViewCells */ = {
			isa = PBXGroup;
			children = (
				ECA7CF6929C7A3D900730EF8 /* HabitCollectionViewCell.swift */,
				ECA7CF6B29C7A3EE00730EF8 /* ProgressCollectionViewCell.swift */,
			);
			path = HabitCollectionViewCells;
			sourceTree = "<group>";
		};
/* End PBXGroup section */

/* Begin PBXNativeTarget section */
		EC9797A329C391A600FEEA71 /* MyHabits */ = {
			isa = PBXNativeTarget;
			buildConfigurationList = EC9797B829C391A800FEEA71 /* Build configuration list for PBXNativeTarget "MyHabits" */;
			buildPhases = (
				EC9797A029C391A600FEEA71 /* Sources */,
				EC9797A129C391A600FEEA71 /* Frameworks */,
				EC9797A229C391A600FEEA71 /* Resources */,
			);
			buildRules = (
			);
			dependencies = (
			);
			name = MyHabits;
			productName = MyHabits;
			productReference = EC9797A429C391A600FEEA71 /* MyHabits.app */;
			productType = "com.apple.product-type.application";
		};
/* End PBXNativeTarget section */

/* Begin PBXProject section */
		EC97979C29C391A600FEEA71 /* Project object */ = {
			isa = PBXProject;
			attributes = {
				BuildIndependentTargetsInParallel = 1;
				LastSwiftUpdateCheck = 1420;
				LastUpgradeCheck = 1420;
				TargetAttributes = {
					EC9797A329C391A600FEEA71 = {
						CreatedOnToolsVersion = 14.2;
					};
				};
			};
			buildConfigurationList = EC97979F29C391A600FEEA71 /* Build configuration list for PBXProject "MyHabits" */;
			compatibilityVersion = "Xcode 14.0";
			developmentRegion = en;
			hasScannedForEncodings = 0;
			knownRegions = (
				en,
				Base,
			);
			mainGroup = EC97979B29C391A600FEEA71;
			productRefGroup = EC9797A529C391A600FEEA71 /* Products */;
			projectDirPath = "";
			projectRoot = "";
			targets = (
				EC9797A329C391A600FEEA71 /* MyHabits */,
			);
		};
/* End PBXProject section */

/* Begin PBXResourcesBuildPhase section */
		EC9797A229C391A600FEEA71 /* Resources */ = {
			isa = PBXResourcesBuildPhase;
			buildActionMask = 2147483647;
			files = (
				EC9797B429C391A800FEEA71 /* LaunchScreen.storyboard in Resources */,
				EC9797B129C391A800FEEA71 /* Assets.xcassets in Resources */,
			);
			runOnlyForDeploymentPostprocessing = 0;
		};
/* End PBXResourcesBuildPhase section */

/* Begin PBXSourcesBuildPhase section */
		EC9797A029C391A600FEEA71 /* Sources */ = {
			isa = PBXSourcesBuildPhase;
			buildActionMask = 2147483647;
			files = (
				EC9797C129C45BBE00FEEA71 /* HabitsStore.swift in Sources */,
				EC9797CB29C476E500FEEA71 /* Info.swift in Sources */,
				ECA7CF6C29C7A3EE00730EF8 /* ProgressCollectionViewCell.swift in Sources */,
				EC9797A829C391A600FEEA71 /* AppDelegate.swift in Sources */,
				EC9797C529C467CD00FEEA71 /* HabitsViewController.swift in Sources */,
				EC34C1CE29C9AE3300994F0B /* HabitDeatilsViewController.swift in Sources */,
				ECA7CF6A29C7A3D900730EF8 /* HabitCollectionViewCell.swift in Sources */,
				EC9797C329C45C0A00FEEA71 /* MainTabBarController.swift in Sources */,
				EC9797C929C4738C00FEEA71 /* Constants.swift in Sources */,
				EC9797C729C4681F00FEEA71 /* InfoViewController.swift in Sources */,
				EC9797CD29C4B7E300FEEA71 /* HabitViewController.swift in Sources */,
				EC9797AA29C391A600FEEA71 /* SceneDelegate.swift in Sources */,
				ECA7CF6729C7461900730EF8 /* HabitView.swift in Sources */,
			);
			runOnlyForDeploymentPostprocessing = 0;
		};
/* End PBXSourcesBuildPhase section */

/* Begin PBXVariantGroup section */
		EC9797B229C391A800FEEA71 /* LaunchScreen.storyboard */ = {
			isa = PBXVariantGroup;
			children = (
				EC9797B329C391A800FEEA71 /* Base */,
			);
			name = LaunchScreen.storyboard;
			sourceTree = "<group>";
		};
/* End PBXVariantGroup section */

/* Begin XCBuildConfiguration section */
		EC9797B629C391A800FEEA71 /* Debug */ = {
			isa = XCBuildConfiguration;
			buildSettings = {
				ALWAYS_SEARCH_USER_PATHS = NO;
				CLANG_ANALYZER_NONNULL = YES;
				CLANG_ANALYZER_NUMBER_OBJECT_CONVERSION = YES_AGGRESSIVE;
				CLANG_CXX_LANGUAGE_STANDARD = "gnu++20";
				CLANG_ENABLE_MODULES = YES;
				CLANG_ENABLE_OBJC_ARC = YES;
				CLANG_ENABLE_OBJC_WEAK = YES;
				CLANG_WARN_BLOCK_CAPTURE_AUTORELEASING = YES;
				CLANG_WARN_BOOL_CONVERSION = YES;
				CLANG_WARN_COMMA = YES;
				CLANG_WARN_CONSTANT_CONVERSION = YES;
				CLANG_WARN_DEPRECATED_OBJC_IMPLEMENTATIONS = YES;
				CLANG_WARN_DIRECT_OBJC_ISA_USAGE = YES_ERROR;
				CLANG_WARN_DOCUMENTATION_COMMENTS = YES;
				CLANG_WARN_EMPTY_BODY = YES;
				CLANG_WARN_ENUM_CONVERSION = YES;
				CLANG_WARN_INFINITE_RECURSION = YES;
				CLANG_WARN_INT_CONVERSION = YES;
				CLANG_WARN_NON_LITERAL_NULL_CONVERSION = YES;
				CLANG_WARN_OBJC_IMPLICIT_RETAIN_SELF = YES;
				CLANG_WARN_OBJC_LITERAL_CONVERSION = YES;
				CLANG_WARN_OBJC_ROOT_CLASS = YES_ERROR;
				CLANG_WARN_QUOTED_INCLUDE_IN_FRAMEWORK_HEADER = YES;
				CLANG_WARN_RANGE_LOOP_ANALYSIS = YES;
				CLANG_WARN_STRICT_PROTOTYPES = YES;
				CLANG_WARN_SUSPICIOUS_MOVE = YES;
				CLANG_WARN_UNGUARDED_AVAILABILITY = YES_AGGRESSIVE;
				CLANG_WARN_UNREACHABLE_CODE = YES;
				CLANG_WARN__DUPLICATE_METHOD_MATCH = YES;
				COPY_PHASE_STRIP = NO;
				DEBUG_INFORMATION_FORMAT = dwarf;
				ENABLE_STRICT_OBJC_MSGSEND = YES;
				ENABLE_TESTABILITY = YES;
				GCC_C_LANGUAGE_STANDARD = gnu11;
				GCC_DYNAMIC_NO_PIC = NO;
				GCC_NO_COMMON_BLOCKS = YES;
				GCC_OPTIMIZATION_LEVEL = 0;
				GCC_PREPROCESSOR_DEFINITIONS = (
					"DEBUG=1",
					"$(inherited)",
				);
				GCC_WARN_64_TO_32_BIT_CONVERSION = YES;
				GCC_WARN_ABOUT_RETURN_TYPE = YES_ERROR;
				GCC_WARN_UNDECLARED_SELECTOR = YES;
				GCC_WARN_UNINITIALIZED_AUTOS = YES_AGGRESSIVE;
				GCC_WARN_UNUSED_FUNCTION = YES;
				GCC_WARN_UNUSED_VARIABLE = YES;
				IPHONEOS_DEPLOYMENT_TARGET = 16.2;
				MTL_ENABLE_DEBUG_INFO = INCLUDE_SOURCE;
				MTL_FAST_MATH = YES;
				ONLY_ACTIVE_ARCH = YES;
				SDKROOT = iphoneos;
				SWIFT_ACTIVE_COMPILATION_CONDITIONS = DEBUG;
				SWIFT_OPTIMIZATION_LEVEL = "-Onone";
			};
			name = Debug;
		};
		EC9797B729C391A800FEEA71 /* Release */ = {
			isa = XCBuildConfiguration;
			buildSettings = {
				ALWAYS_SEARCH_USER_PATHS = NO;
				CLANG_ANALYZER_NONNULL = YES;
				CLANG_ANALYZER_NUMBER_OBJECT_CONVERSION = YES_AGGRESSIVE;
				CLANG_CXX_LANGUAGE_STANDARD = "gnu++20";
				CLANG_ENABLE_MODULES = YES;
				CLANG_ENABLE_OBJC_ARC = YES;
				CLANG_ENABLE_OBJC_WEAK = YES;
				CLANG_WARN_BLOCK_CAPTURE_AUTORELEASING = YES;
				CLANG_WARN_BOOL_CONVERSION = YES;
				CLANG_WARN_COMMA = YES;
				CLANG_WARN_CONSTANT_CONVERSION = YES;
				CLANG_WARN_DEPRECATED_OBJC_IMPLEMENTATIONS = YES;
				CLANG_WARN_DIRECT_OBJC_ISA_USAGE = YES_ERROR;
				CLANG_WARN_DOCUMENTATION_COMMENTS = YES;
				CLANG_WARN_EMPTY_BODY = YES;
				CLANG_WARN_ENUM_CONVERSION = YES;
				CLANG_WARN_INFINITE_RECURSION = YES;
				CLANG_WARN_INT_CONVERSION = YES;
				CLANG_WARN_NON_LITERAL_NULL_CONVERSION = YES;
				CLANG_WARN_OBJC_IMPLICIT_RETAIN_SELF = YES;
				CLANG_WARN_OBJC_LITERAL_CONVERSION = YES;
				CLANG_WARN_OBJC_ROOT_CLASS = YES_ERROR;
				CLANG_WARN_QUOTED_INCLUDE_IN_FRAMEWORK_HEADER = YES;
				CLANG_WARN_RANGE_LOOP_ANALYSIS = YES;
				CLANG_WARN_STRICT_PROTOTYPES = YES;
				CLANG_WARN_SUSPICIOUS_MOVE = YES;
				CLANG_WARN_UNGUARDED_AVAILABILITY = YES_AGGRESSIVE;
				CLANG_WARN_UNREACHABLE_CODE = YES;
				CLANG_WARN__DUPLICATE_METHOD_MATCH = YES;
				COPY_PHASE_STRIP = NO;
				DEBUG_INFORMATION_FORMAT = "dwarf-with-dsym";
				ENABLE_NS_ASSERTIONS = NO;
				ENABLE_STRICT_OBJC_MSGSEND = YES;
				GCC_C_LANGUAGE_STANDARD = gnu11;
				GCC_NO_COMMON_BLOCKS = YES;
				GCC_WARN_64_TO_32_BIT_CONVERSION = YES;
				GCC_WARN_ABOUT_RETURN_TYPE = YES_ERROR;
				GCC_WARN_UNDECLARED_SELECTOR = YES;
				GCC_WARN_UNINITIALIZED_AUTOS = YES_AGGRESSIVE;
				GCC_WARN_UNUSED_FUNCTION = YES;
				GCC_WARN_UNUSED_VARIABLE = YES;
				IPHONEOS_DEPLOYMENT_TARGET = 16.2;
				MTL_ENABLE_DEBUG_INFO = NO;
				MTL_FAST_MATH = YES;
				SDKROOT = iphoneos;
				SWIFT_COMPILATION_MODE = wholemodule;
				SWIFT_OPTIMIZATION_LEVEL = "-O";
				VALIDATE_PRODUCT = YES;
			};
			name = Release;
		};
		EC9797B929C391A800FEEA71 /* Debug */ = {
			isa = XCBuildConfiguration;
			buildSettings = {
				ASSETCATALOG_COMPILER_APPICON_NAME = AppIcon;
				ASSETCATALOG_COMPILER_GLOBAL_ACCENT_COLOR_NAME = AccentColor;
				CODE_SIGN_STYLE = Automatic;
				CURRENT_PROJECT_VERSION = 1;
				DEVELOPMENT_TEAM = 6RRYH7RTN7;
				GENERATE_INFOPLIST_FILE = YES;
				INFOPLIST_FILE = MyHabits/Info.plist;
				INFOPLIST_KEY_LSApplicationCategoryType = "public.app-category.productivity";
				INFOPLIST_KEY_UIApplicationSupportsIndirectInputEvents = YES;
				INFOPLIST_KEY_UILaunchStoryboardName = LaunchScreen;
				INFOPLIST_KEY_UISupportedInterfaceOrientations = UIInterfaceOrientationPortrait;
				INFOPLIST_KEY_UISupportedInterfaceOrientations_iPad = "UIInterfaceOrientationLandscapeLeft UIInterfaceOrientationLandscapeRight UIInterfaceOrientationPortrait UIInterfaceOrientationPortraitUpsideDown";
				IPHONEOS_DEPLOYMENT_TARGET = 15.0;
				LD_RUNPATH_SEARCH_PATHS = (
					"$(inherited)",
					"@executable_path/Frameworks",
				);
				MARKETING_VERSION = 1.0;
				PRODUCT_BUNDLE_IDENTIFIER = lyapin.dev.MyHabits;
				PRODUCT_NAME = "$(TARGET_NAME)";
				SWIFT_EMIT_LOC_STRINGS = YES;
				SWIFT_VERSION = 5.0;
				TARGETED_DEVICE_FAMILY = "1,2";
			};
			name = Debug;
		};
		EC9797BA29C391A800FEEA71 /* Release */ = {
			isa = XCBuildConfiguration;
			buildSettings = {
				ASSETCATALOG_COMPILER_APPICON_NAME = AppIcon;
				ASSETCATALOG_COMPILER_GLOBAL_ACCENT_COLOR_NAME = AccentColor;
				CODE_SIGN_STYLE = Automatic;
				CURRENT_PROJECT_VERSION = 1;
				DEVELOPMENT_TEAM = 6RRYH7RTN7;
				GENERATE_INFOPLIST_FILE = YES;
				INFOPLIST_FILE = MyHabits/Info.plist;
				INFOPLIST_KEY_LSApplicationCategoryType = "public.app-category.productivity";
				INFOPLIST_KEY_UIApplicationSupportsIndirectInputEvents = YES;
				INFOPLIST_KEY_UILaunchStoryboardName = LaunchScreen;
				INFOPLIST_KEY_UISupportedInterfaceOrientations = UIInterfaceOrientationPortrait;
				INFOPLIST_KEY_UISupportedInterfaceOrientations_iPad = "UIInterfaceOrientationLandscapeLeft UIInterfaceOrientationLandscapeRight UIInterfaceOrientationPortrait UIInterfaceOrientationPortraitUpsideDown";
				IPHONEOS_DEPLOYMENT_TARGET = 15.0;
				LD_RUNPATH_SEARCH_PATHS = (
					"$(inherited)",
					"@executable_path/Frameworks",
				);
				MARKETING_VERSION = 1.0;
				PRODUCT_BUNDLE_IDENTIFIER = lyapin.dev.MyHabits;
				PRODUCT_NAME = "$(TARGET_NAME)";
				SWIFT_EMIT_LOC_STRINGS = YES;
				SWIFT_VERSION = 5.0;
				TARGETED_DEVICE_FAMILY = "1,2";
			};
			name = Release;
		};
/* End XCBuildConfiguration section */

/* Begin XCConfigurationList section */
		EC97979F29C391A600FEEA71 /* Build configuration list for PBXProject "MyHabits" */ = {
			isa = XCConfigurationList;
			buildConfigurations = (
				EC9797B629C391A800FEEA71 /* Debug */,
				EC9797B729C391A800FEEA71 /* Release */,
			);
			defaultConfigurationIsVisible = 0;
			defaultConfigurationName = Release;
		};
		EC9797B829C391A800FEEA71 /* Build configuration list for PBXNativeTarget "MyHabits" */ = {
			isa = XCConfigurationList;
			buildConfigurations = (
				EC9797B929C391A800FEEA71 /* Debug */,
				EC9797BA29C391A800FEEA71 /* Release */,
			);
			defaultConfigurationIsVisible = 0;
			defaultConfigurationName = Release;
		};
/* End XCConfigurationList section */
	};
	rootObject = EC97979C29C391A600FEEA71 /* Project object */;
}
